
Microsoft Visual Studio Solution File, Format Version 12.00
# Visual Studio 14
VisualStudioVersion = 14.0.23107.0
MinimumVisualStudioVersion = 10.0.40219.1
Project("{FAE04EC0-301F-11D3-BF4B-00C04F79EFBC}") = "WpfApplication1", "WpfApplication1\WpfApplication1.csproj", "{53958277-EA16-4E8E-B325-684D730FEFFF}"
EndProject
Global
	GlobalSection(SolutionConfigurationPlatforms) = preSolution
		Debug|Any CPU = Debug|Any CPU
		Debug|x86 = Debug|x86
		Release|Any CPU = Release|Any CPU
		Release|x86 = Release|x86
	EndGlobalSection
	GlobalSection(ProjectConfigurationPlatforms) = postSolution
		{53958277-EA16-4E8E-B325-684D730FEFFF}.Debug|Any CPU.ActiveCfg = Debug|Any CPU
		{53958277-EA16-4E8E-B325-684D730FEFFF}.Debug|Any CPU.Build.0 = Debug|Any CPU
		{53958277-EA16-4E8E-B325-684D730FEFFF}.Debug|x86.ActiveCfg = Debug|x86
		{53958277-EA16-4E8E-B325-684D730FEFFF}.Debug|x86.Build.0 = Debug|x86
		{53958277-EA16-4E8E-B325-684D730FEFFF}.Release|Any CPU.ActiveCfg = Release|Any CPU
		{53958277-EA16-4E8E-B325-684D730FEFFF}.Release|Any CPU.Build.0 = Release|Any CPU
		{53958277-EA16-4E8E-B325-684D730FEFFF}.Release|x86.ActiveCfg = Release|x86
		{53958277-EA16-4E8E-B325-684D730FEFFF}.Release|x86.Build.0 = Release|x86
	EndGlobalSection
	GlobalSection(SolutionProperties) = preSolution
		HideSolutionNode = FALSE
	EndGlobalSection
EndGlobal
